
Microsoft Visual Studio Solution File, Format Version 12.00
# Visual Studio Version 17
VisualStudioVersion = 17.0.31612.314
MinimumVisualStudioVersion = 10.0.40219.1
Project("{9A19103F-16F7-4668-BE54-9A1E7A4F7556}") = "RegistrationSample.DesktopUI", "RegistrationSample.DesktopUI\RegistrationSample.DesktopUI.csproj", "{1C82B904-3EB4-4E70-8312-39629AD5EDC4}"
EndProject
Project("{9A19103F-16F7-4668-BE54-9A1E7A4F7556}") = "RegistrationSample.API", "RegistrationSample.API\RegistrationSample.API.csproj", "{8AEA043B-C3F3-4096-9AC7-1940E3CEEF2C}"
EndProject
Project("{2150E333-8FDC-42A3-9474-1A3956D46DE8}") = "Solution Items", "Solution Items", "{99237B82-EE38-4CD8-B66F-7F411C77397F}"
	ProjectSection(SolutionItems) = preProject
		.editorconfig = .editorconfig
	EndProjectSection
EndProject
Project("{FAE04EC0-301F-11D3-BF4B-00C04F79EFBC}") = "RegistrationSample.OldAPI", "RegistrationSample.OldAPI\RegistrationSample.OldAPI.csproj", "{5B305A1F-3E5F-4595-A2AB-6B2B0555AE0D}"
EndProject
Project("{00D1A9C2-B5F0-4AF3-8072-F6C62B433612}") = "RegistrationSample.Data", "RegistrationSample.Data\RegistrationSample.Data.sqlproj", "{9D978E80-7EF5-4B5B-9D6A-125BC4116E99}"
EndProject
Global
	GlobalSection(SolutionConfigurationPlatforms) = preSolution
		Debug|Any CPU = Debug|Any CPU
		Release|Any CPU = Release|Any CPU
	EndGlobalSection
	GlobalSection(ProjectConfigurationPlatforms) = postSolution
		{1C82B904-3EB4-4E70-8312-39629AD5EDC4}.Debug|Any CPU.ActiveCfg = Debug|Any CPU
		{1C82B904-3EB4-4E70-8312-39629AD5EDC4}.Debug|Any CPU.Build.0 = Debug|Any CPU
		{1C82B904-3EB4-4E70-8312-39629AD5EDC4}.Release|Any CPU.ActiveCfg = Release|Any CPU
		{1C82B904-3EB4-4E70-8312-39629AD5EDC4}.Release|Any CPU.Build.0 = Release|Any CPU
		{8AEA043B-C3F3-4096-9AC7-1940E3CEEF2C}.Debug|Any CPU.ActiveCfg = Debug|Any CPU
		{8AEA043B-C3F3-4096-9AC7-1940E3CEEF2C}.Debug|Any CPU.Build.0 = Debug|Any CPU
		{8AEA043B-C3F3-4096-9AC7-1940E3CEEF2C}.Release|Any CPU.ActiveCfg = Release|Any CPU
		{8AEA043B-C3F3-4096-9AC7-1940E3CEEF2C}.Release|Any CPU.Build.0 = Release|Any CPU
		{5B305A1F-3E5F-4595-A2AB-6B2B0555AE0D}.Debug|Any CPU.ActiveCfg = Debug|Any CPU
		{5B305A1F-3E5F-4595-A2AB-6B2B0555AE0D}.Debug|Any CPU.Build.0 = Debug|Any CPU
		{5B305A1F-3E5F-4595-A2AB-6B2B0555AE0D}.Release|Any CPU.ActiveCfg = Release|Any CPU
		{5B305A1F-3E5F-4595-A2AB-6B2B0555AE0D}.Release|Any CPU.Build.0 = Release|Any CPU
		{9D978E80-7EF5-4B5B-9D6A-125BC4116E99}.Debug|Any CPU.ActiveCfg = Debug|Any CPU
		{9D978E80-7EF5-4B5B-9D6A-125BC4116E99}.Debug|Any CPU.Build.0 = Debug|Any CPU
		{9D978E80-7EF5-4B5B-9D6A-125BC4116E99}.Debug|Any CPU.Deploy.0 = Debug|Any CPU
		{9D978E80-7EF5-4B5B-9D6A-125BC4116E99}.Release|Any CPU.ActiveCfg = Release|Any CPU
		{9D978E80-7EF5-4B5B-9D6A-125BC4116E99}.Release|Any CPU.Build.0 = Release|Any CPU
		{9D978E80-7EF5-4B5B-9D6A-125BC4116E99}.Release|Any CPU.Deploy.0 = Release|Any CPU
	EndGlobalSection
	GlobalSection(SolutionProperties) = preSolution
		HideSolutionNode = FALSE
	EndGlobalSection
	GlobalSection(ExtensibilityGlobals) = postSolution
		SolutionGuid = {97D02BED-4123-4BFA-874D-B9776CB59418}
	EndGlobalSection
EndGlobal
