
Microsoft Visual Studio Solution File, Format Version 12.00
# Visual Studio Version 17
VisualStudioVersion = 17.0.31612.314
MinimumVisualStudioVersion = 10.0.40219.1
Project("{FAE04EC0-301F-11D3-BF4B-00C04F79EFBC}") = "RegistrationSample.OldAPI", "RegistrationSample.OldAPI\RegistrationSample.OldAPI.csproj", "{5B305A1F-3E5F-4595-A2AB-6B2B0555AE0D}"
EndProject
Project("{00D1A9C2-B5F0-4AF3-8072-F6C62B433612}") = "RegistrationSample.Data", "RegistrationSample.Data\RegistrationSample.Data.sqlproj", "{9D978E80-7EF5-4B5B-9D6A-125BC4116E99}"
EndProject
Project("{FAE04EC0-301F-11D3-BF4B-00C04F79EFBC}") = "RegistrationSample.OldDataAccess", "RegistrationSample.OldDataAccess\RegistrationSample.OldDataAccess.csproj", "{4CF169FE-BCF5-49C5-ACEF-56B56F053AE7}"
EndProject
Project("{FAE04EC0-301F-11D3-BF4B-00C04F79EFBC}") = "RegistrationSample.OldDesktopUI.Library", "RegistrationSample.OldDesktopUI.Library\RegistrationSample.OldDesktopUI.Library.csproj", "{685882B5-F5C6-4FBD-8912-7CD608450378}"
EndProject
Project("{FAE04EC0-301F-11D3-BF4B-00C04F79EFBC}") = "RegistrationSample.OldDesktopUI", "RegistrationSample.OldDesktopUI\RegistrationSample.OldDesktopUI.csproj", "{85B2D9B3-6542-4221-86F0-50533F48167C}"
EndProject
Project("{2150E333-8FDC-42A3-9474-1A3956D46DE8}") = "FrontEnd", "FrontEnd", "{7755175D-18EF-4BEC-8818-34BE89B6A695}"
EndProject
Project("{2150E333-8FDC-42A3-9474-1A3956D46DE8}") = "BackEnd", "BackEnd", "{554FAD5C-D1B4-4DAC-9199-9BFA665B3EF4}"
EndProject
Global
	GlobalSection(SolutionConfigurationPlatforms) = preSolution
		Debug|Any CPU = Debug|Any CPU
		Release|Any CPU = Release|Any CPU
	EndGlobalSection
	GlobalSection(ProjectConfigurationPlatforms) = postSolution
		{5B305A1F-3E5F-4595-A2AB-6B2B0555AE0D}.Debug|Any CPU.ActiveCfg = Debug|Any CPU
		{5B305A1F-3E5F-4595-A2AB-6B2B0555AE0D}.Debug|Any CPU.Build.0 = Debug|Any CPU
		{5B305A1F-3E5F-4595-A2AB-6B2B0555AE0D}.Release|Any CPU.ActiveCfg = Release|Any CPU
		{5B305A1F-3E5F-4595-A2AB-6B2B0555AE0D}.Release|Any CPU.Build.0 = Release|Any CPU
		{9D978E80-7EF5-4B5B-9D6A-125BC4116E99}.Debug|Any CPU.ActiveCfg = Debug|Any CPU
		{9D978E80-7EF5-4B5B-9D6A-125BC4116E99}.Debug|Any CPU.Build.0 = Debug|Any CPU
		{9D978E80-7EF5-4B5B-9D6A-125BC4116E99}.Debug|Any CPU.Deploy.0 = Debug|Any CPU
		{9D978E80-7EF5-4B5B-9D6A-125BC4116E99}.Release|Any CPU.ActiveCfg = Release|Any CPU
		{9D978E80-7EF5-4B5B-9D6A-125BC4116E99}.Release|Any CPU.Build.0 = Release|Any CPU
		{9D978E80-7EF5-4B5B-9D6A-125BC4116E99}.Release|Any CPU.Deploy.0 = Release|Any CPU
		{4CF169FE-BCF5-49C5-ACEF-56B56F053AE7}.Debug|Any CPU.ActiveCfg = Debug|Any CPU
		{4CF169FE-BCF5-49C5-ACEF-56B56F053AE7}.Debug|Any CPU.Build.0 = Debug|Any CPU
		{4CF169FE-BCF5-49C5-ACEF-56B56F053AE7}.Release|Any CPU.ActiveCfg = Release|Any CPU
		{4CF169FE-BCF5-49C5-ACEF-56B56F053AE7}.Release|Any CPU.Build.0 = Release|Any CPU
		{685882B5-F5C6-4FBD-8912-7CD608450378}.Debug|Any CPU.ActiveCfg = Debug|Any CPU
		{685882B5-F5C6-4FBD-8912-7CD608450378}.Debug|Any CPU.Build.0 = Debug|Any CPU
		{685882B5-F5C6-4FBD-8912-7CD608450378}.Release|Any CPU.ActiveCfg = Release|Any CPU
		{685882B5-F5C6-4FBD-8912-7CD608450378}.Release|Any CPU.Build.0 = Release|Any CPU
		{85B2D9B3-6542-4221-86F0-50533F48167C}.Debug|Any CPU.ActiveCfg = Debug|Any CPU
		{85B2D9B3-6542-4221-86F0-50533F48167C}.Debug|Any CPU.Build.0 = Debug|Any CPU
		{85B2D9B3-6542-4221-86F0-50533F48167C}.Release|Any CPU.ActiveCfg = Release|Any CPU
		{85B2D9B3-6542-4221-86F0-50533F48167C}.Release|Any CPU.Build.0 = Release|Any CPU
	EndGlobalSection
	GlobalSection(SolutionProperties) = preSolution
		HideSolutionNode = FALSE
	EndGlobalSection
	GlobalSection(NestedProjects) = preSolution
		{5B305A1F-3E5F-4595-A2AB-6B2B0555AE0D} = {554FAD5C-D1B4-4DAC-9199-9BFA665B3EF4}
		{9D978E80-7EF5-4B5B-9D6A-125BC4116E99} = {554FAD5C-D1B4-4DAC-9199-9BFA665B3EF4}
		{4CF169FE-BCF5-49C5-ACEF-56B56F053AE7} = {554FAD5C-D1B4-4DAC-9199-9BFA665B3EF4}
		{685882B5-F5C6-4FBD-8912-7CD608450378} = {7755175D-18EF-4BEC-8818-34BE89B6A695}
		{85B2D9B3-6542-4221-86F0-50533F48167C} = {7755175D-18EF-4BEC-8818-34BE89B6A695}
	EndGlobalSection
	GlobalSection(ExtensibilityGlobals) = postSolution
		SolutionGuid = {97D02BED-4123-4BFA-874D-B9776CB59418}
	EndGlobalSection
EndGlobal
